
Microsoft Visual Studio Solution File, Format Version 12.00
# Visual Studio 15
VisualStudioVersion = 15.0.27703.2035
MinimumVisualStudioVersion = 10.0.40219.1
Project("{FAE04EC0-301F-11D3-BF4B-00C04F79EFBC}") = "Ultima Reading Logger", "Ultima Reading Logger\Ultima Reading Logger.csproj", "{4CFA5768-A24F-4F11-B3F9-52396FDC6435}"
EndProject
Global
	GlobalSection(SolutionConfigurationPlatforms) = preSolution
		Debug|Any CPU = Debug|Any CPU
		Release|Any CPU = Release|Any CPU
	EndGlobalSection
	GlobalSection(ProjectConfigurationPlatforms) = postSolution
		{4CFA5768-A24F-4F11-B3F9-52396FDC6435}.Debug|Any CPU.ActiveCfg = Debug|Any CPU
		{4CFA5768-A24F-4F11-B3F9-52396FDC6435}.Debug|Any CPU.Build.0 = Debug|Any CPU
		{4CFA5768-A24F-4F11-B3F9-52396FDC6435}.Release|Any CPU.ActiveCfg = Release|Any CPU
		{4CFA5768-A24F-4F11-B3F9-52396FDC6435}.Release|Any CPU.Build.0 = Release|Any CPU
	EndGlobalSection
	GlobalSection(SolutionProperties) = preSolution
		HideSolutionNode = FALSE
	EndGlobalSection
	GlobalSection(ExtensibilityGlobals) = postSolution
		SolutionGuid = {1677AD2D-58C2-4EC6-A878-7C49C8083346}
	EndGlobalSection
EndGlobal
